
Microsoft Visual Studio Solution File, Format Version 12.00
# Visual Studio 2012
Project("{FAE04EC0-301F-11D3-BF4B-00C04F79EFBC}") = "Homework_2", "Homework_2\Homework_2.csproj", "{7F54E77C-9694-4C73-9557-1E2D1894D814}"
EndProject
Global
	GlobalSection(SolutionConfigurationPlatforms) = preSolution
		Debug|Any CPU = Debug|Any CPU
		Release|Any CPU = Release|Any CPU
	EndGlobalSection
	GlobalSection(ProjectConfigurationPlatforms) = postSolution
		{7F54E77C-9694-4C73-9557-1E2D1894D814}.Debug|Any CPU.ActiveCfg = Debug|Any CPU
		{7F54E77C-9694-4C73-9557-1E2D1894D814}.Debug|Any CPU.Build.0 = Debug|Any CPU
		{7F54E77C-9694-4C73-9557-1E2D1894D814}.Release|Any CPU.ActiveCfg = Release|Any CPU
		{7F54E77C-9694-4C73-9557-1E2D1894D814}.Release|Any CPU.Build.0 = Release|Any CPU
	EndGlobalSection
	GlobalSection(SolutionProperties) = preSolution
		HideSolutionNode = FALSE
	EndGlobalSection
EndGlobal
